
Microsoft Visual Studio Solution File, Format Version 12.00
# Visual Studio Version 17
VisualStudioVersion = 17.14.36414.22 d17.14
MinimumVisualStudioVersion = 10.0.40219.1
Project("{8BC9CEB8-8B4A-11D0-8D11-00A0C91BC942}") = "AA3_exercici", "AA3_exercici\AA3_exercici.vcxproj", "{DDB67CFC-5D44-4A9B-82CD-5E59F2AA514A}"
EndProject
Global
	GlobalSection(SolutionConfigurationPlatforms) = preSolution
		Debug|x64 = Debug|x64
		Debug|x86 = Debug|x86
		Release|x64 = Release|x64
		Release|x86 = Release|x86
	EndGlobalSection
	GlobalSection(ProjectConfigurationPlatforms) = postSolution
		{DDB67CFC-5D44-4A9B-82CD-5E59F2AA514A}.Debug|x64.ActiveCfg = Debug|x64
		{DDB67CFC-5D44-4A9B-82CD-5E59F2AA514A}.Debug|x64.Build.0 = Debug|x64
		{DDB67CFC-5D44-4A9B-82CD-5E59F2AA514A}.Debug|x86.ActiveCfg = Debug|Win32
		{DDB67CFC-5D44-4A9B-82CD-5E59F2AA514A}.Debug|x86.Build.0 = Debug|Win32
		{DDB67CFC-5D44-4A9B-82CD-5E59F2AA514A}.Release|x64.ActiveCfg = Release|x64
		{DDB67CFC-5D44-4A9B-82CD-5E59F2AA514A}.Release|x64.Build.0 = Release|x64
		{DDB67CFC-5D44-4A9B-82CD-5E59F2AA514A}.Release|x86.ActiveCfg = Release|Win32
		{DDB67CFC-5D44-4A9B-82CD-5E59F2AA514A}.Release|x86.Build.0 = Release|Win32
	EndGlobalSection
	GlobalSection(SolutionProperties) = preSolution
		HideSolutionNode = FALSE
	EndGlobalSection
	GlobalSection(ExtensibilityGlobals) = postSolution
		SolutionGuid = {D59D90E1-1C5D-4FF9-ADF6-9778D24FB922}
	EndGlobalSection
EndGlobal
